// !$*UTF8*$!
{
	archiveVersion = 1;
	classes = {
	};
	objectVersion = 50;
	objects = {

/* Begin PBXBuildFile section */
		1609C74A26574787000E2CDE /* AppDelegate.swift in Sources */ = {isa = PBXBuildFile; fileRef = 1609C74926574787000E2CDE /* AppDelegate.swift */; };
		1609C74C26574787000E2CDE /* SceneDelegate.swift in Sources */ = {isa = PBXBuildFile; fileRef = 1609C74B26574787000E2CDE /* SceneDelegate.swift */; };
		1609C74E26574787000E2CDE /* ContentView.swift in Sources */ = {isa = PBXBuildFile; fileRef = 1609C74D26574787000E2CDE /* ContentView.swift */; };
		1609C75026574788000E2CDE /* Assets.xcassets in Resources */ = {isa = PBXBuildFile; fileRef = 1609C74F26574788000E2CDE /* Assets.xcassets */; };
		1609C75326574788000E2CDE /* Preview Assets.xcassets in Resources */ = {isa = PBXBuildFile; fileRef = 1609C75226574788000E2CDE /* Preview Assets.xcassets */; };
		1609C75626574788000E2CDE /* LaunchScreen.storyboard in Resources */ = {isa = PBXBuildFile; fileRef = 1609C75426574788000E2CDE /* LaunchScreen.storyboard */; };
		1609C760265747F5000E2CDE /* Coffee.swift in Sources */ = {isa = PBXBuildFile; fileRef = 1609C75F265747F5000E2CDE /* Coffee.swift */; };
		1609C764265749BA000E2CDE /* Order.swift in Sources */ = {isa = PBXBuildFile; fileRef = 1609C763265749BA000E2CDE /* Order.swift */; };
		1609C76826574A82000E2CDE /* CoffeeService.swift in Sources */ = {isa = PBXBuildFile; fileRef = 1609C76726574A82000E2CDE /* CoffeeService.swift */; };
		1609C76C26574D48000E2CDE /* OrderListViewModel.swift in Sources */ = {isa = PBXBuildFile; fileRef = 1609C76B26574D48000E2CDE /* OrderListViewModel.swift */; };
		162DB03D26583E24002A9FB6 /* OrderListView.swift in Sources */ = {isa = PBXBuildFile; fileRef = 162DB03C26583E24002A9FB6 /* OrderListView.swift */; };
/* End PBXBuildFile section */

/* Begin PBXFileReference section */
		1609C74626574787000E2CDE /* CoffeeApp.app */ = {isa = PBXFileReference; explicitFileType = wrapper.application; includeInIndex = 0; path = CoffeeApp.app; sourceTree = BUILT_PRODUCTS_DIR; };
		1609C74926574787000E2CDE /* AppDelegate.swift */ = {isa = PBXFileReference; lastKnownFileType = sourcecode.swift; path = AppDelegate.swift; sourceTree = "<group>"; };
		1609C74B26574787000E2CDE /* SceneDelegate.swift */ = {isa = PBXFileReference; lastKnownFileType = sourcecode.swift; path = SceneDelegate.swift; sourceTree = "<group>"; };
		1609C74D26574787000E2CDE /* ContentView.swift */ = {isa = PBXFileReference; lastKnownFileType = sourcecode.swift; path = ContentView.swift; sourceTree = "<group>"; };
		1609C74F26574788000E2CDE /* Assets.xcassets */ = {isa = PBXFileReference; lastKnownFileType = folder.assetcatalog; path = Assets.xcassets; sourceTree = "<group>"; };
		1609C75226574788000E2CDE /* Preview Assets.xcassets */ = {isa = PBXFileReference; lastKnownFileType = folder.assetcatalog; path = "Preview Assets.xcassets"; sourceTree = "<group>"; };
		1609C75526574788000E2CDE /* Base */ = {isa = PBXFileReference; lastKnownFileType = file.storyboard; name = Base; path = Base.lproj/LaunchScreen.storyboard; sourceTree = "<group>"; };
		1609C75726574788000E2CDE /* Info.plist */ = {isa = PBXFileReference; lastKnownFileType = text.plist.xml; path = Info.plist; sourceTree = "<group>"; };
		1609C75F265747F5000E2CDE /* Coffee.swift */ = {isa = PBXFileReference; lastKnownFileType = sourcecode.swift; path = Coffee.swift; sourceTree = "<group>"; };
		1609C763265749BA000E2CDE /* Order.swift */ = {isa = PBXFileReference; lastKnownFileType = sourcecode.swift; path = Order.swift; sourceTree = "<group>"; };
		1609C76726574A82000E2CDE /* CoffeeService.swift */ = {isa = PBXFileReference; lastKnownFileType = sourcecode.swift; path = CoffeeService.swift; sourceTree = "<group>"; };
		1609C76B26574D48000E2CDE /* OrderListViewModel.swift */ = {isa = PBXFileReference; lastKnownFileType = sourcecode.swift; path = OrderListViewModel.swift; sourceTree = "<group>"; };
		162DB03C26583E24002A9FB6 /* OrderListView.swift */ = {isa = PBXFileReference; lastKnownFileType = sourcecode.swift; path = OrderListView.swift; sourceTree = "<group>"; };
/* End PBXFileReference section */

/* Begin PBXFrameworksBuildPhase section */
		1609C74326574787000E2CDE /* Frameworks */ = {
			isa = PBXFrameworksBuildPhase;
			buildActionMask = 2147483647;
			files = (
			);
			runOnlyForDeploymentPostprocessing = 0;
		};
/* End PBXFrameworksBuildPhase section */

/* Begin PBXGroup section */
		1609C73D26574787000E2CDE = {
			isa = PBXGroup;
			children = (
				1609C74826574787000E2CDE /* CoffeeApp */,
				1609C74726574787000E2CDE /* Products */,
			);
			sourceTree = "<group>";
		};
		1609C74726574787000E2CDE /* Products */ = {
			isa = PBXGroup;
			children = (
				1609C74626574787000E2CDE /* CoffeeApp.app */,
			);
			name = Products;
			sourceTree = "<group>";
		};
		1609C74826574787000E2CDE /* CoffeeApp */ = {
			isa = PBXGroup;
			children = (
				162DB03B26583DC6002A9FB6 /* Views */,
				1609C76A26574D26000E2CDE /* ViewModels */,
				1609C76626574A6D000E2CDE /* Services */,
				1609C75E265747DB000E2CDE /* Models */,
				1609C74926574787000E2CDE /* AppDelegate.swift */,
				1609C74B26574787000E2CDE /* SceneDelegate.swift */,
				1609C74F26574788000E2CDE /* Assets.xcassets */,
				1609C75426574788000E2CDE /* LaunchScreen.storyboard */,
				1609C75726574788000E2CDE /* Info.plist */,
				1609C75126574788000E2CDE /* Preview Content */,
			);
			path = CoffeeApp;
			sourceTree = "<group>";
		};
		1609C75126574788000E2CDE /* Preview Content */ = {
			isa = PBXGroup;
			children = (
				1609C75226574788000E2CDE /* Preview Assets.xcassets */,
			);
			path = "Preview Content";
			sourceTree = "<group>";
		};
		1609C75E265747DB000E2CDE /* Models */ = {
			isa = PBXGroup;
			children = (
				1609C75F265747F5000E2CDE /* Coffee.swift */,
				1609C763265749BA000E2CDE /* Order.swift */,
			);
			path = Models;
			sourceTree = "<group>";
		};
		1609C76626574A6D000E2CDE /* Services */ = {
			isa = PBXGroup;
			children = (
				1609C76726574A82000E2CDE /* CoffeeService.swift */,
			);
			path = Services;
			sourceTree = "<group>";
		};
		1609C76A26574D26000E2CDE /* ViewModels */ = {
			isa = PBXGroup;
			children = (
				1609C76B26574D48000E2CDE /* OrderListViewModel.swift */,
			);
			path = ViewModels;
			sourceTree = "<group>";
		};
		162DB03B26583DC6002A9FB6 /* Views */ = {
			isa = PBXGroup;
			children = (
				1609C74D26574787000E2CDE /* ContentView.swift */,
				162DB03C26583E24002A9FB6 /* OrderListView.swift */,
			);
			path = Views;
			sourceTree = "<group>";
		};
/* End PBXGroup section */

/* Begin PBXNativeTarget section */
		1609C74526574787000E2CDE /* CoffeeApp */ = {
			isa = PBXNativeTarget;
			buildConfigurationList = 1609C75A26574788000E2CDE /* Build configuration list for PBXNativeTarget "CoffeeApp" */;
			buildPhases = (
				1609C74226574787000E2CDE /* Sources */,
				1609C74326574787000E2CDE /* Frameworks */,
				1609C74426574787000E2CDE /* Resources */,
			);
			buildRules = (
			);
			dependencies = (
			);
			name = CoffeeApp;
			productName = CoffeeApp;
			productReference = 1609C74626574787000E2CDE /* CoffeeApp.app */;
			productType = "com.apple.product-type.application";
		};
/* End PBXNativeTarget section */

/* Begin PBXProject section */
		1609C73E26574787000E2CDE /* Project object */ = {
			isa = PBXProject;
			attributes = {
				LastSwiftUpdateCheck = 1240;
				LastUpgradeCheck = 1240;
				TargetAttributes = {
					1609C74526574787000E2CDE = {
						CreatedOnToolsVersion = 12.4;
					};
				};
			};
			buildConfigurationList = 1609C74126574787000E2CDE /* Build configuration list for PBXProject "CoffeeApp" */;
			compatibilityVersion = "Xcode 9.3";
			developmentRegion = en;
			hasScannedForEncodings = 0;
			knownRegions = (
				en,
				Base,
			);
			mainGroup = 1609C73D26574787000E2CDE;
			productRefGroup = 1609C74726574787000E2CDE /* Products */;
			projectDirPath = "";
			projectRoot = "";
			targets = (
				1609C74526574787000E2CDE /* CoffeeApp */,
			);
		};
/* End PBXProject section */

/* Begin PBXResourcesBuildPhase section */
		1609C74426574787000E2CDE /* Resources */ = {
			isa = PBXResourcesBuildPhase;
			buildActionMask = 2147483647;
			files = (
				1609C75626574788000E2CDE /* LaunchScreen.storyboard in Resources */,
				1609C75326574788000E2CDE /* Preview Assets.xcassets in Resources */,
				1609C75026574788000E2CDE /* Assets.xcassets in Resources */,
			);
			runOnlyForDeploymentPostprocessing = 0;
		};
/* End PBXResourcesBuildPhase section */

/* Begin PBXSourcesBuildPhase section */
		1609C74226574787000E2CDE /* Sources */ = {
			isa = PBXSourcesBuildPhase;
			buildActionMask = 2147483647;
			files = (
				1609C74A26574787000E2CDE /* AppDelegate.swift in Sources */,
				162DB03D26583E24002A9FB6 /* OrderListView.swift in Sources */,
				1609C74C26574787000E2CDE /* SceneDelegate.swift in Sources */,
				1609C764265749BA000E2CDE /* Order.swift in Sources */,
				1609C74E26574787000E2CDE /* ContentView.swift in Sources */,
				1609C76C26574D48000E2CDE /* OrderListViewModel.swift in Sources */,
				1609C760265747F5000E2CDE /* Coffee.swift in Sources */,
				1609C76826574A82000E2CDE /* CoffeeService.swift in Sources */,
			);
			runOnlyForDeploymentPostprocessing = 0;
		};
/* End PBXSourcesBuildPhase section */

/* Begin PBXVariantGroup section */
		1609C75426574788000E2CDE /* LaunchScreen.storyboard */ = {
			isa = PBXVariantGroup;
			children = (
				1609C75526574788000E2CDE /* Base */,
			);
			name = LaunchScreen.storyboard;
			sourceTree = "<group>";
		};
/* End PBXVariantGroup section */

/* Begin XCBuildConfiguration section */
		1609C75826574788000E2CDE /* Debug */ = {
			isa = XCBuildConfiguration;
			buildSettings = {
				ALWAYS_SEARCH_USER_PATHS = NO;
				CLANG_ANALYZER_NONNULL = YES;
				CLANG_ANALYZER_NUMBER_OBJECT_CONVERSION = YES_AGGRESSIVE;
				CLANG_CXX_LANGUAGE_STANDARD = "gnu++14";
				CLANG_CXX_LIBRARY = "libc++";
				CLANG_ENABLE_MODULES = YES;
				CLANG_ENABLE_OBJC_ARC = YES;
				CLANG_ENABLE_OBJC_WEAK = YES;
				CLANG_WARN_BLOCK_CAPTURE_AUTORELEASING = YES;
				CLANG_WARN_BOOL_CONVERSION = YES;
				CLANG_WARN_COMMA = YES;
				CLANG_WARN_CONSTANT_CONVERSION = YES;
				CLANG_WARN_DEPRECATED_OBJC_IMPLEMENTATIONS = YES;
				CLANG_WARN_DIRECT_OBJC_ISA_USAGE = YES_ERROR;
				CLANG_WARN_DOCUMENTATION_COMMENTS = YES;
				CLANG_WARN_EMPTY_BODY = YES;
				CLANG_WARN_ENUM_CONVERSION = YES;
				CLANG_WARN_INFINITE_RECURSION = YES;
				CLANG_WARN_INT_CONVERSION = YES;
				CLANG_WARN_NON_LITERAL_NULL_CONVERSION = YES;
				CLANG_WARN_OBJC_IMPLICIT_RETAIN_SELF = YES;
				CLANG_WARN_OBJC_LITERAL_CONVERSION = YES;
				CLANG_WARN_OBJC_ROOT_CLASS = YES_ERROR;
				CLANG_WARN_QUOTED_INCLUDE_IN_FRAMEWORK_HEADER = YES;
				CLANG_WARN_RANGE_LOOP_ANALYSIS = YES;
				CLANG_WARN_STRICT_PROTOTYPES = YES;
				CLANG_WARN_SUSPICIOUS_MOVE = YES;
				CLANG_WARN_UNGUARDED_AVAILABILITY = YES_AGGRESSIVE;
				CLANG_WARN_UNREACHABLE_CODE = YES;
				CLANG_WARN__DUPLICATE_METHOD_MATCH = YES;
				COPY_PHASE_STRIP = NO;
				DEBUG_INFORMATION_FORMAT = dwarf;
				ENABLE_STRICT_OBJC_MSGSEND = YES;
				ENABLE_TESTABILITY = YES;
				GCC_C_LANGUAGE_STANDARD = gnu11;
				GCC_DYNAMIC_NO_PIC = NO;
				GCC_NO_COMMON_BLOCKS = YES;
				GCC_OPTIMIZATION_LEVEL = 0;
				GCC_PREPROCESSOR_DEFINITIONS = (
					"DEBUG=1",
					"$(inherited)",
				);
				GCC_WARN_64_TO_32_BIT_CONVERSION = YES;
				GCC_WARN_ABOUT_RETURN_TYPE = YES_ERROR;
				GCC_WARN_UNDECLARED_SELECTOR = YES;
				GCC_WARN_UNINITIALIZED_AUTOS = YES_AGGRESSIVE;
				GCC_WARN_UNUSED_FUNCTION = YES;
				GCC_WARN_UNUSED_VARIABLE = YES;
				IPHONEOS_DEPLOYMENT_TARGET = 14.4;
				MTL_ENABLE_DEBUG_INFO = INCLUDE_SOURCE;
				MTL_FAST_MATH = YES;
				ONLY_ACTIVE_ARCH = YES;
				SDKROOT = iphoneos;
				SWIFT_ACTIVE_COMPILATION_CONDITIONS = DEBUG;
				SWIFT_OPTIMIZATION_LEVEL = "-Onone";
			};
			name = Debug;
		};
		1609C75926574788000E2CDE /* Release */ = {
			isa = XCBuildConfiguration;
			buildSettings = {
				ALWAYS_SEARCH_USER_PATHS = NO;
				CLANG_ANALYZER_NONNULL = YES;
				CLANG_ANALYZER_NUMBER_OBJECT_CONVERSION = YES_AGGRESSIVE;
				CLANG_CXX_LANGUAGE_STANDARD = "gnu++14";
				CLANG_CXX_LIBRARY = "libc++";
				CLANG_ENABLE_MODULES = YES;
				CLANG_ENABLE_OBJC_ARC = YES;
				CLANG_ENABLE_OBJC_WEAK = YES;
				CLANG_WARN_BLOCK_CAPTURE_AUTORELEASING = YES;
				CLANG_WARN_BOOL_CONVERSION = YES;
				CLANG_WARN_COMMA = YES;
				CLANG_WARN_CONSTANT_CONVERSION = YES;
				CLANG_WARN_DEPRECATED_OBJC_IMPLEMENTATIONS = YES;
				CLANG_WARN_DIRECT_OBJC_ISA_USAGE = YES_ERROR;
				CLANG_WARN_DOCUMENTATION_COMMENTS = YES;
				CLANG_WARN_EMPTY_BODY = YES;
				CLANG_WARN_ENUM_CONVERSION = YES;
				CLANG_WARN_INFINITE_RECURSION = YES;
				CLANG_WARN_INT_CONVERSION = YES;
				CLANG_WARN_NON_LITERAL_NULL_CONVERSION = YES;
				CLANG_WARN_OBJC_IMPLICIT_RETAIN_SELF = YES;
				CLANG_WARN_OBJC_LITERAL_CONVERSION = YES;
				CLANG_WARN_OBJC_ROOT_CLASS = YES_ERROR;
				CLANG_WARN_QUOTED_INCLUDE_IN_FRAMEWORK_HEADER = YES;
				CLANG_WARN_RANGE_LOOP_ANALYSIS = YES;
				CLANG_WARN_STRICT_PROTOTYPES = YES;
				CLANG_WARN_SUSPICIOUS_MOVE = YES;
				CLANG_WARN_UNGUARDED_AVAILABILITY = YES_AGGRESSIVE;
				CLANG_WARN_UNREACHABLE_CODE = YES;
				CLANG_WARN__DUPLICATE_METHOD_MATCH = YES;
				COPY_PHASE_STRIP = NO;
				DEBUG_INFORMATION_FORMAT = "dwarf-with-dsym";
				ENABLE_NS_ASSERTIONS = NO;
				ENABLE_STRICT_OBJC_MSGSEND = YES;
				GCC_C_LANGUAGE_STANDARD = gnu11;
				GCC_NO_COMMON_BLOCKS = YES;
				GCC_WARN_64_TO_32_BIT_CONVERSION = YES;
				GCC_WARN_ABOUT_RETURN_TYPE = YES_ERROR;
				GCC_WARN_UNDECLARED_SELECTOR = YES;
				GCC_WARN_UNINITIALIZED_AUTOS = YES_AGGRESSIVE;
				GCC_WARN_UNUSED_FUNCTION = YES;
				GCC_WARN_UNUSED_VARIABLE = YES;
				IPHONEOS_DEPLOYMENT_TARGET = 14.4;
				MTL_ENABLE_DEBUG_INFO = NO;
				MTL_FAST_MATH = YES;
				SDKROOT = iphoneos;
				SWIFT_COMPILATION_MODE = wholemodule;
				SWIFT_OPTIMIZATION_LEVEL = "-O";
				VALIDATE_PRODUCT = YES;
			};
			name = Release;
		};
		1609C75B26574788000E2CDE /* Debug */ = {
			isa = XCBuildConfiguration;
			buildSettings = {
				ASSETCATALOG_COMPILER_APPICON_NAME = AppIcon;
				ASSETCATALOG_COMPILER_GLOBAL_ACCENT_COLOR_NAME = AccentColor;
				CODE_SIGN_STYLE = Automatic;
				DEVELOPMENT_ASSET_PATHS = "\"CoffeeApp/Preview Content\"";
				DEVELOPMENT_TEAM = 25FDM536V3;
				ENABLE_PREVIEWS = YES;
				INFOPLIST_FILE = CoffeeApp/Info.plist;
				LD_RUNPATH_SEARCH_PATHS = (
					"$(inherited)",
					"@executable_path/Frameworks",
				);
				PRODUCT_BUNDLE_IDENTIFIER = "net.rout-io.CoffeeApp";
				PRODUCT_NAME = "$(TARGET_NAME)";
				SWIFT_VERSION = 5.0;
				TARGETED_DEVICE_FAMILY = "1,2";
			};
			name = Debug;
		};
		1609C75C26574788000E2CDE /* Release */ = {
			isa = XCBuildConfiguration;
			buildSettings = {
				ASSETCATALOG_COMPILER_APPICON_NAME = AppIcon;
				ASSETCATALOG_COMPILER_GLOBAL_ACCENT_COLOR_NAME = AccentColor;
				CODE_SIGN_STYLE = Automatic;
				DEVELOPMENT_ASSET_PATHS = "\"CoffeeApp/Preview Content\"";
				DEVELOPMENT_TEAM = 25FDM536V3;
				ENABLE_PREVIEWS = YES;
				INFOPLIST_FILE = CoffeeApp/Info.plist;
				LD_RUNPATH_SEARCH_PATHS = (
					"$(inherited)",
					"@executable_path/Frameworks",
				);
				PRODUCT_BUNDLE_IDENTIFIER = "net.rout-io.CoffeeApp";
				PRODUCT_NAME = "$(TARGET_NAME)";
				SWIFT_VERSION = 5.0;
				TARGETED_DEVICE_FAMILY = "1,2";
			};
			name = Release;
		};
/* End XCBuildConfiguration section */

/* Begin XCConfigurationList section */
		1609C74126574787000E2CDE /* Build configuration list for PBXProject "CoffeeApp" */ = {
			isa = XCConfigurationList;
			buildConfigurations = (
				1609C75826574788000E2CDE /* Debug */,
				1609C75926574788000E2CDE /* Release */,
			);
			defaultConfigurationIsVisible = 0;
			defaultConfigurationName = Release;
		};
		1609C75A26574788000E2CDE /* Build configuration list for PBXNativeTarget "CoffeeApp" */ = {
			isa = XCConfigurationList;
			buildConfigurations = (
				1609C75B26574788000E2CDE /* Debug */,
				1609C75C26574788000E2CDE /* Release */,
			);
			defaultConfigurationIsVisible = 0;
			defaultConfigurationName = Release;
		};
/* End XCConfigurationList section */
	};
	rootObject = 1609C73E26574787000E2CDE /* Project object */;
}
